
Microsoft Visual Studio Solution File, Format Version 12.00
# Visual Studio 15
VisualStudioVersion = 15.0.26730.16
MinimumVisualStudioVersion = 10.0.40219.1
Project("{FAE04EC0-301F-11D3-BF4B-00C04F79EFBC}") = "planning", "planning\planning.csproj", "{9BBCF8A0-F73B-42BA-B0F5-34D440AF2270}"
EndProject
Global
	GlobalSection(SolutionConfigurationPlatforms) = preSolution
		Debug|Any CPU = Debug|Any CPU
		Release|Any CPU = Release|Any CPU
	EndGlobalSection
	GlobalSection(ProjectConfigurationPlatforms) = postSolution
		{9BBCF8A0-F73B-42BA-B0F5-34D440AF2270}.Debug|Any CPU.ActiveCfg = Debug|Any CPU
		{9BBCF8A0-F73B-42BA-B0F5-34D440AF2270}.Debug|Any CPU.Build.0 = Debug|Any CPU
		{9BBCF8A0-F73B-42BA-B0F5-34D440AF2270}.Release|Any CPU.ActiveCfg = Release|Any CPU
		{9BBCF8A0-F73B-42BA-B0F5-34D440AF2270}.Release|Any CPU.Build.0 = Release|Any CPU
	EndGlobalSection
	GlobalSection(SolutionProperties) = preSolution
		HideSolutionNode = FALSE
	EndGlobalSection
	GlobalSection(ExtensibilityGlobals) = postSolution
		SolutionGuid = {CC685419-A094-4F9E-963C-95463C85CAFE}
	EndGlobalSection
EndGlobal
